
Microsoft Visual Studio Solution File, Format Version 12.00
# Visual Studio Version 17
VisualStudioVersion = 17.8.34309.116
MinimumVisualStudioVersion = 10.0.40219.1
Project("{9A19103F-16F7-4668-BE54-9A1E7A4F7556}") = "Entities", "Entities\Entities.csproj", "{258E4A9A-0DAF-49CB-A54A-EB257C6A9EE6}"
EndProject
Project("{9A19103F-16F7-4668-BE54-9A1E7A4F7556}") = "DataAccess", "DataAccess\DataAccess.csproj", "{C9A0E99A-F9B0-486A-A483-9987DA25B957}"
EndProject
Project("{9A19103F-16F7-4668-BE54-9A1E7A4F7556}") = "Business", "Business\Business.csproj", "{8CAF03AB-9D0C-491C-BA45-4DF620AB8385}"
EndProject
Project("{9A19103F-16F7-4668-BE54-9A1E7A4F7556}") = "ConsoleUI", "ConsoleUI\ConsoleUI.csproj", "{B7DBD8CB-3E44-443E-A7F7-3D990674E895}"
EndProject
Project("{9A19103F-16F7-4668-BE54-9A1E7A4F7556}") = "Core", "Core\Core.csproj", "{8024C9FE-7FAB-4C7C-A903-E07E7D9A2736}"
EndProject
Project("{FAE04EC0-301F-11D3-BF4B-00C04F79EFBC}") = "WebAPI", "WebAPI\WebAPI.csproj", "{A8A361A9-5F2B-465B-ACAE-4FDD6F1BA6CE}"
EndProject
Global
	GlobalSection(SolutionConfigurationPlatforms) = preSolution
		Debug|Any CPU = Debug|Any CPU
		Release|Any CPU = Release|Any CPU
	EndGlobalSection
	GlobalSection(ProjectConfigurationPlatforms) = postSolution
		{258E4A9A-0DAF-49CB-A54A-EB257C6A9EE6}.Debug|Any CPU.ActiveCfg = Debug|Any CPU
		{258E4A9A-0DAF-49CB-A54A-EB257C6A9EE6}.Debug|Any CPU.Build.0 = Debug|Any CPU
		{258E4A9A-0DAF-49CB-A54A-EB257C6A9EE6}.Release|Any CPU.ActiveCfg = Release|Any CPU
		{258E4A9A-0DAF-49CB-A54A-EB257C6A9EE6}.Release|Any CPU.Build.0 = Release|Any CPU
		{C9A0E99A-F9B0-486A-A483-9987DA25B957}.Debug|Any CPU.ActiveCfg = Debug|Any CPU
		{C9A0E99A-F9B0-486A-A483-9987DA25B957}.Debug|Any CPU.Build.0 = Debug|Any CPU
		{C9A0E99A-F9B0-486A-A483-9987DA25B957}.Release|Any CPU.ActiveCfg = Release|Any CPU
		{C9A0E99A-F9B0-486A-A483-9987DA25B957}.Release|Any CPU.Build.0 = Release|Any CPU
		{8CAF03AB-9D0C-491C-BA45-4DF620AB8385}.Debug|Any CPU.ActiveCfg = Debug|Any CPU
		{8CAF03AB-9D0C-491C-BA45-4DF620AB8385}.Debug|Any CPU.Build.0 = Debug|Any CPU
		{8CAF03AB-9D0C-491C-BA45-4DF620AB8385}.Release|Any CPU.ActiveCfg = Release|Any CPU
		{8CAF03AB-9D0C-491C-BA45-4DF620AB8385}.Release|Any CPU.Build.0 = Release|Any CPU
		{B7DBD8CB-3E44-443E-A7F7-3D990674E895}.Debug|Any CPU.ActiveCfg = Debug|Any CPU
		{B7DBD8CB-3E44-443E-A7F7-3D990674E895}.Debug|Any CPU.Build.0 = Debug|Any CPU
		{B7DBD8CB-3E44-443E-A7F7-3D990674E895}.Release|Any CPU.ActiveCfg = Release|Any CPU
		{B7DBD8CB-3E44-443E-A7F7-3D990674E895}.Release|Any CPU.Build.0 = Release|Any CPU
		{8024C9FE-7FAB-4C7C-A903-E07E7D9A2736}.Debug|Any CPU.ActiveCfg = Debug|Any CPU
		{8024C9FE-7FAB-4C7C-A903-E07E7D9A2736}.Debug|Any CPU.Build.0 = Debug|Any CPU
		{8024C9FE-7FAB-4C7C-A903-E07E7D9A2736}.Release|Any CPU.ActiveCfg = Release|Any CPU
		{8024C9FE-7FAB-4C7C-A903-E07E7D9A2736}.Release|Any CPU.Build.0 = Release|Any CPU
		{A8A361A9-5F2B-465B-ACAE-4FDD6F1BA6CE}.Debug|Any CPU.ActiveCfg = Debug|Any CPU
		{A8A361A9-5F2B-465B-ACAE-4FDD6F1BA6CE}.Debug|Any CPU.Build.0 = Debug|Any CPU
		{A8A361A9-5F2B-465B-ACAE-4FDD6F1BA6CE}.Release|Any CPU.ActiveCfg = Release|Any CPU
		{A8A361A9-5F2B-465B-ACAE-4FDD6F1BA6CE}.Release|Any CPU.Build.0 = Release|Any CPU
	EndGlobalSection
	GlobalSection(SolutionProperties) = preSolution
		HideSolutionNode = FALSE
	EndGlobalSection
	GlobalSection(ExtensibilityGlobals) = postSolution
		SolutionGuid = {DB358B28-8A96-4372-A500-7A545F6A7E2D}
	EndGlobalSection
EndGlobal
